
Microsoft Visual Studio Solution File, Format Version 12.00
# Visual Studio Version 16
VisualStudioVersion = 16.0.28917.181
MinimumVisualStudioVersion = 10.0.40219.1
Project("{9A19103F-16F7-4668-BE54-9A1E7A4F7556}") = "Vanei.WebApp", "Vanei.WebApp\Vanei.WebApp.csproj", "{6550616C-1C56-4EDA-8879-1C54AA1B0DEB}"
EndProject
Project("{9A19103F-16F7-4668-BE54-9A1E7A4F7556}") = "Vanei.Data.Models", "Vanei.Data.Models\Vanei.Data.Models.csproj", "{7019209C-9334-4582-86F8-4266CA34C521}"
EndProject
Project("{FAE04EC0-301F-11D3-BF4B-00C04F79EFBC}") = "Vanei.Data", "Vanei.Data\Vanei.Data.csproj", "{C0D57C87-C00E-4891-BE9E-7574CF051784}"
EndProject
Global
	GlobalSection(SolutionConfigurationPlatforms) = preSolution
		Debug|Any CPU = Debug|Any CPU
		Release|Any CPU = Release|Any CPU
	EndGlobalSection
	GlobalSection(ProjectConfigurationPlatforms) = postSolution
		{6550616C-1C56-4EDA-8879-1C54AA1B0DEB}.Debug|Any CPU.ActiveCfg = Debug|Any CPU
		{6550616C-1C56-4EDA-8879-1C54AA1B0DEB}.Debug|Any CPU.Build.0 = Debug|Any CPU
		{6550616C-1C56-4EDA-8879-1C54AA1B0DEB}.Release|Any CPU.ActiveCfg = Release|Any CPU
		{6550616C-1C56-4EDA-8879-1C54AA1B0DEB}.Release|Any CPU.Build.0 = Release|Any CPU
		{7019209C-9334-4582-86F8-4266CA34C521}.Debug|Any CPU.ActiveCfg = Debug|Any CPU
		{7019209C-9334-4582-86F8-4266CA34C521}.Debug|Any CPU.Build.0 = Debug|Any CPU
		{7019209C-9334-4582-86F8-4266CA34C521}.Release|Any CPU.ActiveCfg = Release|Any CPU
		{7019209C-9334-4582-86F8-4266CA34C521}.Release|Any CPU.Build.0 = Release|Any CPU
		{C0D57C87-C00E-4891-BE9E-7574CF051784}.Debug|Any CPU.ActiveCfg = Debug|Any CPU
		{C0D57C87-C00E-4891-BE9E-7574CF051784}.Debug|Any CPU.Build.0 = Debug|Any CPU
		{C0D57C87-C00E-4891-BE9E-7574CF051784}.Release|Any CPU.ActiveCfg = Release|Any CPU
		{C0D57C87-C00E-4891-BE9E-7574CF051784}.Release|Any CPU.Build.0 = Release|Any CPU
	EndGlobalSection
	GlobalSection(SolutionProperties) = preSolution
		HideSolutionNode = FALSE
	EndGlobalSection
	GlobalSection(ExtensibilityGlobals) = postSolution
		SolutionGuid = {6ABCC30D-921E-454A-ADA3-5F0B00828D62}
	EndGlobalSection
EndGlobal
